
Microsoft Visual Studio Solution File, Format Version 12.00
# Visual Studio Version 17
VisualStudioVersion = 17.14.36603.0 d17.14
MinimumVisualStudioVersion = 10.0.40219.1
Project("{FAE04EC0-301F-11D3-BF4B-00C04F79EFBC}") = "SchoolCollection", "SchoolCollection\SchoolCollection.csproj", "{FEAC2F5A-7E36-442A-8E6F-541B10E987B2}"
EndProject
Global
	GlobalSection(SolutionConfigurationPlatforms) = preSolution
		Debug|Any CPU = Debug|Any CPU
		Release|Any CPU = Release|Any CPU
	EndGlobalSection
	GlobalSection(ProjectConfigurationPlatforms) = postSolution
		{FEAC2F5A-7E36-442A-8E6F-541B10E987B2}.Debug|Any CPU.ActiveCfg = Debug|Any CPU
		{FEAC2F5A-7E36-442A-8E6F-541B10E987B2}.Debug|Any CPU.Build.0 = Debug|Any CPU
		{FEAC2F5A-7E36-442A-8E6F-541B10E987B2}.Release|Any CPU.ActiveCfg = Release|Any CPU
		{FEAC2F5A-7E36-442A-8E6F-541B10E987B2}.Release|Any CPU.Build.0 = Release|Any CPU
	EndGlobalSection
	GlobalSection(SolutionProperties) = preSolution
		HideSolutionNode = FALSE
	EndGlobalSection
	GlobalSection(ExtensibilityGlobals) = postSolution
		SolutionGuid = {6B401ED6-7EA7-41F3-A809-C613B14211C7}
	EndGlobalSection
EndGlobal
