
Microsoft Visual Studio Solution File, Format Version 12.00
# Visual Studio Version 17
VisualStudioVersion = 17.14.36511.14 d17.14
MinimumVisualStudioVersion = 10.0.40219.1
Project("{FAE04EC0-301F-11D3-BF4B-00C04F79EFBC}") = "SchoolInformation", "SchoolInformation\SchoolInformation.csproj", "{D7FD5B4D-27F5-46DB-A694-AA0B0B5196C3}"
EndProject
Global
	GlobalSection(SolutionConfigurationPlatforms) = preSolution
		Debug|Any CPU = Debug|Any CPU
		Release|Any CPU = Release|Any CPU
	EndGlobalSection
	GlobalSection(ProjectConfigurationPlatforms) = postSolution
		{D7FD5B4D-27F5-46DB-A694-AA0B0B5196C3}.Debug|Any CPU.ActiveCfg = Debug|Any CPU
		{D7FD5B4D-27F5-46DB-A694-AA0B0B5196C3}.Debug|Any CPU.Build.0 = Debug|Any CPU
		{D7FD5B4D-27F5-46DB-A694-AA0B0B5196C3}.Release|Any CPU.ActiveCfg = Release|Any CPU
		{D7FD5B4D-27F5-46DB-A694-AA0B0B5196C3}.Release|Any CPU.Build.0 = Release|Any CPU
	EndGlobalSection
	GlobalSection(SolutionProperties) = preSolution
		HideSolutionNode = FALSE
	EndGlobalSection
	GlobalSection(ExtensibilityGlobals) = postSolution
		SolutionGuid = {3F2A7E56-9EA2-4C0A-AE30-95B6A9801FBC}
	EndGlobalSection
EndGlobal
